
Microsoft Visual Studio Solution File, Format Version 12.00
# Visual Studio 14
VisualStudioVersion = 14.0.25420.1
MinimumVisualStudioVersion = 10.0.40219.1
Project("{8BC9CEB8-8B4A-11D0-8D11-00A0C91BC942}") = "Learn01", "Learn01\Learn01.vcxproj", "{25D0E21E-3257-49F5-9625-607E7AAF432B}"
EndProject
Project("{8BC9CEB8-8B4A-11D0-8D11-00A0C91BC942}") = "Learn02", "Learn02\Learn02.vcxproj", "{D534DDDA-8A82-4E7F-8C80-43C9C6CE093B}"
EndProject
Project("{8BC9CEB8-8B4A-11D0-8D11-00A0C91BC942}") = "Learn03", "Learn03\Learn03.vcxproj", "{6C62208B-3766-453A-B31F-C892184C354C}"
EndProject
Project("{8BC9CEB8-8B4A-11D0-8D11-00A0C91BC942}") = "Learn04", "Learn04\Learn04.vcxproj", "{EB9D18ED-39C9-4EC8-84CC-95F925D95F48}"
EndProject
Project("{8BC9CEB8-8B4A-11D0-8D11-00A0C91BC942}") = "指针", "指针\指针.vcxproj", "{5AABF97E-EB23-4528-B5FC-F893B714AA77}"
EndProject
Project("{8BC9CEB8-8B4A-11D0-8D11-00A0C91BC942}") = "结构体", "结构体\结构体.vcxproj", "{AF3E0AC9-57DE-470A-B349-1EA17E3064D7}"
EndProject
Project("{8BC9CEB8-8B4A-11D0-8D11-00A0C91BC942}") = "文件操作", "文件操作\文件操作.vcxproj", "{CDE01EFA-42ED-4DE9-ADFC-C33A94F0E7FC}"
EndProject
Global
	GlobalSection(SolutionConfigurationPlatforms) = preSolution
		Debug|x64 = Debug|x64
		Debug|x86 = Debug|x86
		Release|x64 = Release|x64
		Release|x86 = Release|x86
	EndGlobalSection
	GlobalSection(ProjectConfigurationPlatforms) = postSolution
		{25D0E21E-3257-49F5-9625-607E7AAF432B}.Debug|x64.ActiveCfg = Debug|x64
		{25D0E21E-3257-49F5-9625-607E7AAF432B}.Debug|x64.Build.0 = Debug|x64
		{25D0E21E-3257-49F5-9625-607E7AAF432B}.Debug|x86.ActiveCfg = Debug|Win32
		{25D0E21E-3257-49F5-9625-607E7AAF432B}.Debug|x86.Build.0 = Debug|Win32
		{25D0E21E-3257-49F5-9625-607E7AAF432B}.Release|x64.ActiveCfg = Release|x64
		{25D0E21E-3257-49F5-9625-607E7AAF432B}.Release|x64.Build.0 = Release|x64
		{25D0E21E-3257-49F5-9625-607E7AAF432B}.Release|x86.ActiveCfg = Release|Win32
		{25D0E21E-3257-49F5-9625-607E7AAF432B}.Release|x86.Build.0 = Release|Win32
		{D534DDDA-8A82-4E7F-8C80-43C9C6CE093B}.Debug|x64.ActiveCfg = Debug|x64
		{D534DDDA-8A82-4E7F-8C80-43C9C6CE093B}.Debug|x64.Build.0 = Debug|x64
		{D534DDDA-8A82-4E7F-8C80-43C9C6CE093B}.Debug|x86.ActiveCfg = Debug|Win32
		{D534DDDA-8A82-4E7F-8C80-43C9C6CE093B}.Debug|x86.Build.0 = Debug|Win32
		{D534DDDA-8A82-4E7F-8C80-43C9C6CE093B}.Release|x64.ActiveCfg = Release|x64
		{D534DDDA-8A82-4E7F-8C80-43C9C6CE093B}.Release|x64.Build.0 = Release|x64
		{D534DDDA-8A82-4E7F-8C80-43C9C6CE093B}.Release|x86.ActiveCfg = Release|Win32
		{D534DDDA-8A82-4E7F-8C80-43C9C6CE093B}.Release|x86.Build.0 = Release|Win32
		{6C62208B-3766-453A-B31F-C892184C354C}.Debug|x64.ActiveCfg = Debug|x64
		{6C62208B-3766-453A-B31F-C892184C354C}.Debug|x64.Build.0 = Debug|x64
		{6C62208B-3766-453A-B31F-C892184C354C}.Debug|x86.ActiveCfg = Debug|Win32
		{6C62208B-3766-453A-B31F-C892184C354C}.Debug|x86.Build.0 = Debug|Win32
		{6C62208B-3766-453A-B31F-C892184C354C}.Release|x64.ActiveCfg = Release|x64
		{6C62208B-3766-453A-B31F-C892184C354C}.Release|x64.Build.0 = Release|x64
		{6C62208B-3766-453A-B31F-C892184C354C}.Release|x86.ActiveCfg = Release|Win32
		{6C62208B-3766-453A-B31F-C892184C354C}.Release|x86.Build.0 = Release|Win32
		{EB9D18ED-39C9-4EC8-84CC-95F925D95F48}.Debug|x64.ActiveCfg = Debug|x64
		{EB9D18ED-39C9-4EC8-84CC-95F925D95F48}.Debug|x64.Build.0 = Debug|x64
		{EB9D18ED-39C9-4EC8-84CC-95F925D95F48}.Debug|x86.ActiveCfg = Debug|Win32
		{EB9D18ED-39C9-4EC8-84CC-95F925D95F48}.Debug|x86.Build.0 = Debug|Win32
		{EB9D18ED-39C9-4EC8-84CC-95F925D95F48}.Release|x64.ActiveCfg = Release|x64
		{EB9D18ED-39C9-4EC8-84CC-95F925D95F48}.Release|x64.Build.0 = Release|x64
		{EB9D18ED-39C9-4EC8-84CC-95F925D95F48}.Release|x86.ActiveCfg = Release|Win32
		{EB9D18ED-39C9-4EC8-84CC-95F925D95F48}.Release|x86.Build.0 = Release|Win32
		{5AABF97E-EB23-4528-B5FC-F893B714AA77}.Debug|x64.ActiveCfg = Debug|x64
		{5AABF97E-EB23-4528-B5FC-F893B714AA77}.Debug|x64.Build.0 = Debug|x64
		{5AABF97E-EB23-4528-B5FC-F893B714AA77}.Debug|x86.ActiveCfg = Debug|Win32
		{5AABF97E-EB23-4528-B5FC-F893B714AA77}.Debug|x86.Build.0 = Debug|Win32
		{5AABF97E-EB23-4528-B5FC-F893B714AA77}.Release|x64.ActiveCfg = Release|x64
		{5AABF97E-EB23-4528-B5FC-F893B714AA77}.Release|x64.Build.0 = Release|x64
		{5AABF97E-EB23-4528-B5FC-F893B714AA77}.Release|x86.ActiveCfg = Release|Win32
		{5AABF97E-EB23-4528-B5FC-F893B714AA77}.Release|x86.Build.0 = Release|Win32
		{AF3E0AC9-57DE-470A-B349-1EA17E3064D7}.Debug|x64.ActiveCfg = Debug|x64
		{AF3E0AC9-57DE-470A-B349-1EA17E3064D7}.Debug|x64.Build.0 = Debug|x64
		{AF3E0AC9-57DE-470A-B349-1EA17E3064D7}.Debug|x86.ActiveCfg = Debug|Win32
		{AF3E0AC9-57DE-470A-B349-1EA17E3064D7}.Debug|x86.Build.0 = Debug|Win32
		{AF3E0AC9-57DE-470A-B349-1EA17E3064D7}.Release|x64.ActiveCfg = Release|x64
		{AF3E0AC9-57DE-470A-B349-1EA17E3064D7}.Release|x64.Build.0 = Release|x64
		{AF3E0AC9-57DE-470A-B349-1EA17E3064D7}.Release|x86.ActiveCfg = Release|Win32
		{AF3E0AC9-57DE-470A-B349-1EA17E3064D7}.Release|x86.Build.0 = Release|Win32
		{CDE01EFA-42ED-4DE9-ADFC-C33A94F0E7FC}.Debug|x64.ActiveCfg = Debug|x64
		{CDE01EFA-42ED-4DE9-ADFC-C33A94F0E7FC}.Debug|x64.Build.0 = Debug|x64
		{CDE01EFA-42ED-4DE9-ADFC-C33A94F0E7FC}.Debug|x86.ActiveCfg = Debug|Win32
		{CDE01EFA-42ED-4DE9-ADFC-C33A94F0E7FC}.Debug|x86.Build.0 = Debug|Win32
		{CDE01EFA-42ED-4DE9-ADFC-C33A94F0E7FC}.Release|x64.ActiveCfg = Release|x64
		{CDE01EFA-42ED-4DE9-ADFC-C33A94F0E7FC}.Release|x64.Build.0 = Release|x64
		{CDE01EFA-42ED-4DE9-ADFC-C33A94F0E7FC}.Release|x86.ActiveCfg = Release|Win32
		{CDE01EFA-42ED-4DE9-ADFC-C33A94F0E7FC}.Release|x86.Build.0 = Release|Win32
	EndGlobalSection
	GlobalSection(SolutionProperties) = preSolution
		HideSolutionNode = FALSE
	EndGlobalSection
EndGlobal
